
Microsoft Visual Studio Solution File, Format Version 12.00
# Visual Studio 15
VisualStudioVersion = 15.0.27004.2005
MinimumVisualStudioVersion = 10.0.40219.1
Project("{FAE04EC0-301F-11D3-BF4B-00C04F79EFBC}") = "UnitTests", "UnitTests\UnitTests.csproj", "{96A6D804-6794-4205-BDC3-72350E39C8C9}"
EndProject
Project("{FAE04EC0-301F-11D3-BF4B-00C04F79EFBC}") = "UnitTestProject", "UnitTestProject\UnitTestProject.csproj", "{1037ABF3-F7F8-47FB-BA7D-51F812805E63}"
EndProject
Global
	GlobalSection(SolutionConfigurationPlatforms) = preSolution
		Debug|Any CPU = Debug|Any CPU
		Release|Any CPU = Release|Any CPU
	EndGlobalSection
	GlobalSection(ProjectConfigurationPlatforms) = postSolution
		{96A6D804-6794-4205-BDC3-72350E39C8C9}.Debug|Any CPU.ActiveCfg = Debug|Any CPU
		{96A6D804-6794-4205-BDC3-72350E39C8C9}.Debug|Any CPU.Build.0 = Debug|Any CPU
		{96A6D804-6794-4205-BDC3-72350E39C8C9}.Release|Any CPU.ActiveCfg = Release|Any CPU
		{96A6D804-6794-4205-BDC3-72350E39C8C9}.Release|Any CPU.Build.0 = Release|Any CPU
		{1037ABF3-F7F8-47FB-BA7D-51F812805E63}.Debug|Any CPU.ActiveCfg = Debug|Any CPU
		{1037ABF3-F7F8-47FB-BA7D-51F812805E63}.Debug|Any CPU.Build.0 = Debug|Any CPU
		{1037ABF3-F7F8-47FB-BA7D-51F812805E63}.Release|Any CPU.ActiveCfg = Release|Any CPU
		{1037ABF3-F7F8-47FB-BA7D-51F812805E63}.Release|Any CPU.Build.0 = Release|Any CPU
	EndGlobalSection
	GlobalSection(SolutionProperties) = preSolution
		HideSolutionNode = FALSE
	EndGlobalSection
	GlobalSection(ExtensibilityGlobals) = postSolution
		SolutionGuid = {89535328-A426-4A93-BE09-03A576BF04D9}
	EndGlobalSection
EndGlobal
